
Microsoft Visual Studio Solution File, Format Version 12.00
# Visual Studio Version 17
VisualStudioVersion = 17.9.34407.89
MinimumVisualStudioVersion = 10.0.40219.1
Project("{FAE04EC0-301F-11D3-BF4B-00C04F79EFBC}") = "StarLedgerFunctions", "StarLedgerFunctions\StarLedgerFunctions.csproj", "{9FFEE3CB-B112-4FDA-A914-5DD99B2D37D9}"
EndProject
Global
	GlobalSection(SolutionConfigurationPlatforms) = preSolution
		Debug|Any CPU = Debug|Any CPU
		Release|Any CPU = Release|Any CPU
	EndGlobalSection
	GlobalSection(ProjectConfigurationPlatforms) = postSolution
		{9FFEE3CB-B112-4FDA-A914-5DD99B2D37D9}.Debug|Any CPU.ActiveCfg = Debug|Any CPU
		{9FFEE3CB-B112-4FDA-A914-5DD99B2D37D9}.Debug|Any CPU.Build.0 = Debug|Any CPU
		{9FFEE3CB-B112-4FDA-A914-5DD99B2D37D9}.Release|Any CPU.ActiveCfg = Release|Any CPU
		{9FFEE3CB-B112-4FDA-A914-5DD99B2D37D9}.Release|Any CPU.Build.0 = Release|Any CPU
	EndGlobalSection
	GlobalSection(SolutionProperties) = preSolution
		HideSolutionNode = FALSE
	EndGlobalSection
	GlobalSection(ExtensibilityGlobals) = postSolution
		SolutionGuid = {DBFFED64-8F8D-415F-9685-46D083B90084}
	EndGlobalSection
EndGlobal
